
Microsoft Visual Studio Solution File, Format Version 12.00
# Visual Studio 2013
VisualStudioVersion = 12.0.21005.1
MinimumVisualStudioVersion = 10.0.40219.1
Project("{FAE04EC0-301F-11D3-BF4B-00C04F79EFBC}") = "pkg", "pkg\pkg.csproj", "{B9934950-0BBE-49AD-8E62-D428A3C060CA}"
EndProject
Global
	GlobalSection(SolutionConfigurationPlatforms) = preSolution
		Debug|Any CPU = Debug|Any CPU
		Release|Any CPU = Release|Any CPU
	EndGlobalSection
	GlobalSection(ProjectConfigurationPlatforms) = postSolution
		{B9934950-0BBE-49AD-8E62-D428A3C060CA}.Debug|Any CPU.ActiveCfg = Debug|Any CPU
		{B9934950-0BBE-49AD-8E62-D428A3C060CA}.Debug|Any CPU.Build.0 = Debug|Any CPU
		{B9934950-0BBE-49AD-8E62-D428A3C060CA}.Release|Any CPU.ActiveCfg = Release|Any CPU
		{B9934950-0BBE-49AD-8E62-D428A3C060CA}.Release|Any CPU.Build.0 = Release|Any CPU
	EndGlobalSection
	GlobalSection(SolutionProperties) = preSolution
		HideSolutionNode = FALSE
	EndGlobalSection
EndGlobal
